
Microsoft Visual Studio Solution File, Format Version 12.00
# Visual Studio Version 17
VisualStudioVersion = 17.3.32929.385
MinimumVisualStudioVersion = 10.0.40219.1
Project("{FAE04EC0-301F-11D3-BF4B-00C04F79EFBC}") = "UserIdentity", "UserIdentity\UserIdentity.csproj", "{C6D651A5-76ED-4930-91FE-B6C571F9DB81}"
EndProject
Global
	GlobalSection(SolutionConfigurationPlatforms) = preSolution
		Debug|Any CPU = Debug|Any CPU
		Release|Any CPU = Release|Any CPU
	EndGlobalSection
	GlobalSection(ProjectConfigurationPlatforms) = postSolution
		{C6D651A5-76ED-4930-91FE-B6C571F9DB81}.Debug|Any CPU.ActiveCfg = Debug|Any CPU
		{C6D651A5-76ED-4930-91FE-B6C571F9DB81}.Debug|Any CPU.Build.0 = Debug|Any CPU
		{C6D651A5-76ED-4930-91FE-B6C571F9DB81}.Release|Any CPU.ActiveCfg = Release|Any CPU
		{C6D651A5-76ED-4930-91FE-B6C571F9DB81}.Release|Any CPU.Build.0 = Release|Any CPU
	EndGlobalSection
	GlobalSection(SolutionProperties) = preSolution
		HideSolutionNode = FALSE
	EndGlobalSection
	GlobalSection(ExtensibilityGlobals) = postSolution
		SolutionGuid = {21D0F012-415E-466A-A029-778B560A757D}
	EndGlobalSection
EndGlobal
